version = 1
revision = 3
requires-python = ">=3.10"

[[package]]
name = "peob"
version = "0.1.0"
source = { editable = "../backend" }

[package.metadata]

[package.metadata.requires-dev]
dev = [{ name = "pytest", specifier = ">=9.1.1" }]

[[package]]
name = "peob-prototype"
version = "0.1.0"
source = { virtual = "." }
dependencies = [
    { name = "peob" },
]

[package.metadata]
requires-dist = [{ name = "peob", editable = "../backend" }]
